
Microsoft Visual Studio Solution File, Format Version 12.00
# Visual Studio 15
VisualStudioVersion = 15.0.28307.645
MinimumVisualStudioVersion = 10.0.40219.1
Project("{888888A0-9F3D-457C-B088-3A5042F75D52}") = "Flaskr", "Flaskr\Flaskr.pyproj", "{EE70C44D-8953-4DED-AEEB-7FFC1DE43490}"
EndProject
Global
	GlobalSection(SolutionConfigurationPlatforms) = preSolution
		Debug|Any CPU = Debug|Any CPU
		Release|Any CPU = Release|Any CPU
	EndGlobalSection
	GlobalSection(ProjectConfigurationPlatforms) = postSolution
		{EE70C44D-8953-4DED-AEEB-7FFC1DE43490}.Debug|Any CPU.ActiveCfg = Debug|Any CPU
		{EE70C44D-8953-4DED-AEEB-7FFC1DE43490}.Debug|Any CPU.Build.0 = Debug|Any CPU
		{EE70C44D-8953-4DED-AEEB-7FFC1DE43490}.Release|Any CPU.ActiveCfg = Release|Any CPU
		{EE70C44D-8953-4DED-AEEB-7FFC1DE43490}.Release|Any CPU.Build.0 = Release|Any CPU
	EndGlobalSection
	GlobalSection(SolutionProperties) = preSolution
		HideSolutionNode = FALSE
	EndGlobalSection
	GlobalSection(ExtensibilityGlobals) = postSolution
		SolutionGuid = {B90300AC-AC74-4951-9E7C-168E03E31BFD}
	EndGlobalSection
EndGlobal
